{
  "nodes": {
    "aquaris": {
      "inputs": {
        "flake-utils": "flake-utils",
        "home-manager": [
          "home-manager"
        ],
        "nixpkgs": [
          "nixpkgs"
        ],
        "obscura": [
          "obscura"
        ]
      },
      "locked": {
        "lastModified": 1729926275,
        "narHash": "sha256-9dmUGRumoqw2+UbxZjqnQG8FgWicf20ZejKPOLCgtV4=",
        "owner": "42loco42",
        "repo": "aquaris",
        "rev": "0ecf2d029aaa0b013b96a4d5a0a164d6e68555de",
        "type": "github"
      },
      "original": {
        "owner": "42loco42",
        "repo": "aquaris",
        "type": "github"
      }
    },
    "avh": {
      "inputs": {
        "flake-utils": [
          "aquaris",
          "flake-utils"
        ],
        "nixpkgs": [
          "nixpkgs"
        ]
      },
      "locked": {
        "lastModified": 1724583483,
        "narHash": "sha256-9SKtyqpOgzW/ymAvmuPhaCx1YKgcUmWkopguQV7qg3A=",
        "owner": "42loco42",
        "repo": "avh",
        "rev": "06ddda68e5cd7ff3b6ff1bddf0c3be86caf6a0b6",
        "type": "github"
      },
      "original": {
        "owner": "42loco42",
        "repo": "avh",
        "type": "github"
      }
    },
    "chronometer": {
      "inputs": {
        "flake-utils": [
          "aquaris",
          "flake-utils"
        ],
        "nixpkgs": [
          "nixpkgs"
        ]
      },
      "locked": {
        "lastModified": 1727872321,
        "narHash": "sha256-G8qOfKPKtU1ukPSPsH9z6cbsLqWHdha0l5Ymwx7m5Zk=",
        "owner": "42loco42",
        "repo": "chronometer",
        "rev": "dd49f3b7ec73fe7aeb790eb10b008232dfbc2466",
        "type": "github"
      },
      "original": {
        "owner": "42loco42",
        "repo": "chronometer",
        "type": "github"
      }
    },
    "flake-utils": {
      "inputs": {
        "systems": "systems"
      },
      "locked": {
        "lastModified": 1710146030,
        "narHash": "sha256-SZ5L6eA7HJ/nmkzGG7/ISclqe6oZdOZTNoesiInkXPQ=",
        "owner": "numtide",
        "repo": "flake-utils",
        "rev": "b1d9ab70662946ef0850d488da1c9019f3a9752a",
        "type": "github"
      },
      "original": {
        "owner": "numtide",
        "repo": "flake-utils",
        "type": "github"
      }
    },
    "home-manager": {
      "inputs": {
        "nixpkgs": [
          "nixpkgs"
        ]
      },
      "locked": {
        "lastModified": 1728337164,
        "narHash": "sha256-VdRTjJFyq4Q9U7Z/UoC2Q5jK8vSo6E86lHc2OanXtvc=",
        "owner": "nix-community",
        "repo": "home-manager",
        "rev": "038630363e7de57c36c417fd2f5d7c14773403e4",
        "type": "github"
      },
      "original": {
        "owner": "nix-community",
        "repo": "home-manager",
        "type": "github"
      }
    },
    "nix-github-actions": {
      "inputs": {
        "nixpkgs": [
          "obscura",
          "nixpkgs"
        ]
      },
      "locked": {
        "lastModified": 1720066371,
        "narHash": "sha256-uPlLYH2S0ACj0IcgaK9Lsf4spmJoGejR9DotXiXSBZQ=",
        "owner": "nix-community",
        "repo": "nix-github-actions",
        "rev": "622f829f5fe69310a866c8a6cd07e747c44ef820",
        "type": "github"
      },
      "original": {
        "owner": "nix-community",
        "repo": "nix-github-actions",
        "type": "github"
      }
    },
    "nix-index-database": {
      "inputs": {
        "nixpkgs": [
          "nixpkgs"
        ]
      },
      "locked": {
        "lastModified": 1728263287,
        "narHash": "sha256-GJDtsxz2/zw6g/Nrp4XVWBS5IaZ7ZUkuvxPOBEDe7pg=",
        "owner": "Mic92",
        "repo": "nix-index-database",
        "rev": "5fce10c871bab6d7d5ac9e5e7efbb3a2783f5259",
        "type": "github"
      },
      "original": {
        "owner": "Mic92",
        "repo": "nix-index-database",
        "type": "github"
      }
    },
    "nixpkgs": {
      "locked": {
        "lastModified": 1728492678,
        "narHash": "sha256-9UTxR8eukdg+XZeHgxW5hQA9fIKHsKCdOIUycTryeVw=",
        "owner": "nixos",
        "repo": "nixpkgs",
        "rev": "5633bcff0c6162b9e4b5f1264264611e950c8ec7",
        "type": "github"
      },
      "original": {
        "owner": "nixos",
        "ref": "nixos-unstable",
        "repo": "nixpkgs",
        "type": "github"
      }
    },
    "nixpkgs_2": {
      "locked": {
        "lastModified": 1728440485,
        "narHash": "sha256-IHtBawbxDcFDcAPWa30tVkzdcScUUuzCDkLs3WhDoBA=",
        "owner": "nixos",
        "repo": "nixpkgs",
        "rev": "2b58bfe2c0d73341362870a0f1e50b2b8f2e4b84",
        "type": "github"
      },
      "original": {
        "owner": "nixos",
        "ref": "nixpkgs-unstable",
        "repo": "nixpkgs",
        "type": "github"
      }
    },
    "obscura": {
      "inputs": {
        "nix-github-actions": "nix-github-actions",
        "nixpkgs": "nixpkgs_2"
      },
      "locked": {
        "lastModified": 1728522511,
        "narHash": "sha256-w+gdWoE+ouaaND8LNCRuFb9vRJOyQ94VbOXXQdB3034=",
        "owner": "42loco42",
        "repo": "obscura",
        "rev": "f3ec21fcb62606a68fa357e074b2a737bbe0f5bf",
        "type": "github"
      },
      "original": {
        "owner": "42loco42",
        "repo": "obscura",
        "type": "github"
      }
    },
    "pinlist": {
      "inputs": {
        "flake-utils": [
          "aquaris",
          "flake-utils"
        ],
        "nixpkgs": [
          "nixpkgs"
        ]
      },
      "locked": {
        "lastModified": 1724580250,
        "narHash": "sha256-LDc3P5wKeHKEgisLO6h7OvXzzjtcscotHNp4TRWBQUs=",
        "owner": "42loco42",
        "repo": "pinlist",
        "rev": "4cb28595176e7c9b4a04192ee57641a41cd03b32",
        "type": "github"
      },
      "original": {
        "owner": "42loco42",
        "repo": "pinlist",
        "type": "github"
      }
    },
    "root": {
      "inputs": {
        "aquaris": "aquaris",
        "avh": "avh",
        "chronometer": "chronometer",
        "home-manager": "home-manager",
        "nix-index-database": "nix-index-database",
        "nixpkgs": "nixpkgs",
        "obscura": "obscura",
        "pinlist": "pinlist"
      }
    },
    "systems": {
      "locked": {
        "lastModified": 1681028828,
        "narHash": "sha256-Vy1rq5AaRuLzOxct8nz4T6wlgyUR7zLU309k9mBC768=",
        "owner": "nix-systems",
        "repo": "default",
        "rev": "da67096a3b9bf56a91d16901293e51ba5b49a27e",
        "type": "github"
      },
      "original": {
        "owner": "nix-systems",
        "repo": "default",
        "type": "github"
      }
    }
  },
  "root": "root",
  "version": 7
}
