{
  "nodes": {
    "aagl": {
      "inputs": {
        "flake-compat": "flake-compat",
        "nixpkgs": "nixpkgs",
        "rust-overlay": "rust-overlay"
      },
      "locked": {
        "lastModified": 1789138122,
        "narHash": "sha256-mh+ZiGCtHAo0xIi1yaNjHsftfnlWz9JiYwHCyT16yIE=",
        "owner": "ezKEa",
        "repo": "aagl-gtk-on-nix",
        "rev": "d82d6d6f66caf4b63fb154e62fad83c627874127",
        "type": "github"
      },
      "original": {
        "owner": "ezKEa",
        "repo": "aagl-gtk-on-nix",
        "type": "github"
      }
    },
    "aquaris": {
      "inputs": {
        "flake-utils": "flake-utils",
        "home-manager": [
          "home-manager"
        ],
        "nixpkgs": [
          "nixpkgs"
        ],
        "obscura": [
          "obscura"
        ]
      },
      "locked": {
        "lastModified": 1789199778,
        "narHash": "sha256-ReUL1qVQijn98VrzWOT/nl0XC8IYd9piwN4/k58B2ic=",
        "owner": "42loco42",
        "repo": "aquaris",
        "rev": "4c536d9d70220f5d66dbab708bcc2b62c5d7a332",
        "type": "github"
      },
      "original": {
        "owner": "42loco42",
        "repo": "aquaris",
        "type": "github"
      }
    },
    "fjordlauncher": {
      "inputs": {
        "libnbtplusplus": "libnbtplusplus",
        "nixpkgs": "nixpkgs_2"
      },
      "locked": {
        "lastModified": 1783804415,
        "narHash": "sha256-N1Op8JAh/JrbzhJrYSTY83HTYA5M7qACaU3cYnn3iOU=",
        "owner": "unmojang",
        "repo": "FjordLauncher",
        "rev": "cf7ddf6cb42c631c146f44d57320fad609cfdcf6",
        "type": "github"
      },
      "original": {
        "owner": "unmojang",
        "ref": "11.0.3.0",
        "repo": "FjordLauncher",
        "type": "github"
      }
    },
    "flake-compat": {
      "flake": false,
      "locked": {
        "lastModified": 1767039857,
        "narHash": "sha256-vNpUSpF5Nuw8xvDLj2KCwwksIbjua2LZCqhV1LNRDns=",
        "owner": "edolstra",
        "repo": "flake-compat",
        "rev": "5edf11c44bc78a0d334f6334cdaf7d60d732daab",
        "type": "github"
      },
      "original": {
        "owner": "edolstra",
        "repo": "flake-compat",
        "type": "github"
      }
    },
    "flake-parts": {
      "inputs": {
        "nixpkgs-lib": [
          "nixpkgs"
        ]
      },
      "locked": {
        "lastModified": 1772408722,
        "narHash": "sha256-rHuJtdcOjK7rAHpHphUb1iCvgkU3GpfvicLMwwnfMT0=",
        "owner": "hercules-ci",
        "repo": "flake-parts",
        "rev": "f20dc5d9b8027381c474144ecabc9034d6a839a3",
        "type": "github"
      },
      "original": {
        "owner": "hercules-ci",
        "repo": "flake-parts",
        "type": "github"
      }
    },
    "flake-utils": {
      "inputs": {
        "systems": "systems"
      },
      "locked": {
        "lastModified": 1731533236,
        "narHash": "sha256-l0KFg5HjrsfsO/JpG+r7fRrqm12kzFHyUHqHCVpMMbI=",
        "owner": "numtide",
        "repo": "flake-utils",
        "rev": "11707dc2f618dd54ca8739b309ec4fc024de578b",
        "type": "github"
      },
      "original": {
        "owner": "numtide",
        "repo": "flake-utils",
        "type": "github"
      }
    },
    "home-manager": {
      "inputs": {
        "nixpkgs": [
          "nixpkgs"
        ]
      },
      "locked": {
        "lastModified": 1789183968,
        "narHash": "sha256-pEWnYdIF1pBMZwarp/rEPzl+Lknhm5hhjSfeLxH8nAA=",
        "owner": "nix-community",
        "repo": "home-manager",
        "rev": "cd1c9e552f41894aeb5cc5cb353d5a1d61550357",
        "type": "github"
      },
      "original": {
        "owner": "nix-community",
        "repo": "home-manager",
        "type": "github"
      }
    },
    "libnbtplusplus": {
      "flake": false,
      "locked": {
        "lastModified": 1772016279,
        "narHash": "sha256-7itkptyjoRcXfGLwg1/jxajetZ3a4mDc66+w4X6yW8s=",
        "owner": "PrismLauncher",
        "repo": "libnbtplusplus",
        "rev": "687e43031df0dc641984b4256bcca50d5b3f7de3",
        "type": "github"
      },
      "original": {
        "owner": "PrismLauncher",
        "repo": "libnbtplusplus",
        "type": "github"
      }
    },
    "nix-index-database": {
      "inputs": {
        "nixpkgs": [
          "nixpkgs"
        ]
      },
      "locked": {
        "lastModified": 1788680125,
        "narHash": "sha256-amGSoDobwmp4CFvCn841ws2iuitus+HUJdD/gKgsrJA=",
        "owner": "Mic92",
        "repo": "nix-index-database",
        "rev": "116ad1c2adb642405ef8916f6a94c8626f971344",
        "type": "github"
      },
      "original": {
        "owner": "Mic92",
        "repo": "nix-index-database",
        "type": "github"
      }
    },
    "nix-topology": {
      "inputs": {
        "flake-parts": "flake-parts",
        "nixpkgs": []
      },
      "locked": {
        "lastModified": 1782153600,
        "narHash": "sha256-Vbkgl7/x8+Gg0gMe94EStfIfNC4bHQIbaZrIAxpuQ/w=",
        "owner": "oddlama",
        "repo": "nix-topology",
        "rev": "e61876f548e4f301d63640d30ecc1305c05c3986",
        "type": "github"
      },
      "original": {
        "owner": "oddlama",
        "repo": "nix-topology",
        "type": "github"
      }
    },
    "nixpkgs": {
      "locked": {
        "lastModified": 1785454630,
        "narHash": "sha256-LQy14TZp77TwbQf40gg1V3jo8FwJG0jGDkAH+zRHqg8=",
        "owner": "nixos",
        "repo": "nixpkgs",
        "rev": "1559d3daa3ecc813a650b79375ea61b6741b8746",
        "type": "github"
      },
      "original": {
        "owner": "nixos",
        "ref": "nixos-unstable",
        "repo": "nixpkgs",
        "type": "github"
      }
    },
    "nixpkgs_2": {
      "locked": {
        "lastModified": 1780243769,
        "narHash": "sha256-2fYATYjjbsF2ri3reTWXgBkrmwK5Hpj23CsTEdLA2fo=",
        "rev": "331800de5053fcebacf6813adb5db9c9dca22a0c",
        "type": "tarball",
        "url": "https://releases.nixos.org/nixos/unstable/nixos-26.11pre1008282.331800de5053/nixexprs.tar.xz"
      },
      "original": {
        "type": "tarball",
        "url": "https://channels.nixos.org/nixos-unstable/nixexprs.tar.xz"
      }
    },
    "nixpkgs_3": {
      "locked": {
        "lastModified": 1789006805,
        "narHash": "sha256-q+GdZ3yq4Y2LXHRK0vKTM32Hwy7RCgUgy+hjwZLI5pY=",
        "rev": "8ce4ef6cb6f871616146b9fe26d2a5ae594e94fe",
        "type": "tarball",
        "url": "https://releases.nixos.org/nixos/unstable/nixos-26.11pre1070770.8ce4ef6cb6f8/nixexprs.tar.zst?lastModified=1789006805&rev=8ce4ef6cb6f871616146b9fe26d2a5ae594e94fe"
      },
      "original": {
        "type": "tarball",
        "url": "https://channels.nixos.org/nixos-unstable/nixexprs.tar.zst"
      }
    },
    "nixpkgs_4": {
      "locked": {
        "lastModified": 1788982683,
        "narHash": "sha256-PJCTsE4I20CrJJPcye9/z6brRFysG5+aygr/dZK097k=",
        "owner": "nixos",
        "repo": "nixpkgs",
        "rev": "5052d7ccbcfb7e4ae1586cb2ecf95a2e3707dce9",
        "type": "github"
      },
      "original": {
        "owner": "nixos",
        "ref": "nixpkgs-unstable",
        "repo": "nixpkgs",
        "type": "github"
      }
    },
    "obscura": {
      "inputs": {
        "nixpkgs": "nixpkgs_4"
      },
      "locked": {
        "lastModified": 1789009230,
        "narHash": "sha256-vDuoPBwgARARmai086HsxyRI9zNBD6EsF8XdQamh2kU=",
        "owner": "42loco42",
        "repo": "obscura",
        "rev": "404e94ac5ad2a61029b3e3e0d96bd1961d8fcb52",
        "type": "github"
      },
      "original": {
        "owner": "42loco42",
        "repo": "obscura",
        "type": "github"
      }
    },
    "root": {
      "inputs": {
        "aagl": "aagl",
        "aquaris": "aquaris",
        "fjordlauncher": "fjordlauncher",
        "home-manager": "home-manager",
        "nix-index-database": "nix-index-database",
        "nix-topology": "nix-topology",
        "nixpkgs": "nixpkgs_3",
        "obscura": "obscura"
      }
    },
    "rust-overlay": {
      "inputs": {
        "nixpkgs": [
          "aagl",
          "nixpkgs"
        ]
      },
      "locked": {
        "lastModified": 1785476452,
        "narHash": "sha256-/CXwCFPS41rb/JI2VitKCgVK6V5E6/sfw5ke3B9zyVQ=",
        "owner": "oxalica",
        "repo": "rust-overlay",
        "rev": "6ef009bf4c4873cdc1a621826722bdea7c03e62c",
        "type": "github"
      },
      "original": {
        "owner": "oxalica",
        "repo": "rust-overlay",
        "type": "github"
      }
    },
    "systems": {
      "locked": {
        "lastModified": 1681028828,
        "narHash": "sha256-Vy1rq5AaRuLzOxct8nz4T6wlgyUR7zLU309k9mBC768=",
        "owner": "nix-systems",
        "repo": "default",
        "rev": "da67096a3b9bf56a91d16901293e51ba5b49a27e",
        "type": "github"
      },
      "original": {
        "owner": "nix-systems",
        "repo": "default",
        "type": "github"
      }
    }
  },
  "root": "root",
  "version": 7
}
